
Microsoft Visual Studio Solution File, Format Version 12.00
# Visual Studio Version 17
VisualStudioVersion = 17.13.35919.96
MinimumVisualStudioVersion = 10.0.40219.1
Project("{FAE04EC0-301F-11D3-BF4B-00C04F79EFBC}") = "IDP", "IDP\IDP.csproj", "{15759FEC-6474-4AB4-A352-B01F41119E13}"
EndProject
Project("{FAE04EC0-301F-11D3-BF4B-00C04F79EFBC}") = "Data", "Data\Data.csproj", "{86CF454B-DE26-4393-8838-4C2F747EE8C6}"
EndProject
Project("{FAE04EC0-301F-11D3-BF4B-00C04F79EFBC}") = "Bank", "Bank\Bank.csproj", "{366DAD82-F9FF-4579-9296-2C1E1F75CA3B}"
EndProject
Project("{FAE04EC0-301F-11D3-BF4B-00C04F79EFBC}") = "BankApp", "BankApp\BankApp.csproj", "{FE35274A-BA0B-ACEA-37E1-F71198B81863}"
EndProject
Global
	GlobalSection(SolutionConfigurationPlatforms) = preSolution
		Debug|Any CPU = Debug|Any CPU
		Release|Any CPU = Release|Any CPU
	EndGlobalSection
	GlobalSection(ProjectConfigurationPlatforms) = postSolution
		{15759FEC-6474-4AB4-A352-B01F41119E13}.Debug|Any CPU.ActiveCfg = Debug|Any CPU
		{15759FEC-6474-4AB4-A352-B01F41119E13}.Debug|Any CPU.Build.0 = Debug|Any CPU
		{15759FEC-6474-4AB4-A352-B01F41119E13}.Release|Any CPU.ActiveCfg = Release|Any CPU
		{15759FEC-6474-4AB4-A352-B01F41119E13}.Release|Any CPU.Build.0 = Release|Any CPU
		{86CF454B-DE26-4393-8838-4C2F747EE8C6}.Debug|Any CPU.ActiveCfg = Debug|Any CPU
		{86CF454B-DE26-4393-8838-4C2F747EE8C6}.Debug|Any CPU.Build.0 = Debug|Any CPU
		{86CF454B-DE26-4393-8838-4C2F747EE8C6}.Release|Any CPU.ActiveCfg = Release|Any CPU
		{86CF454B-DE26-4393-8838-4C2F747EE8C6}.Release|Any CPU.Build.0 = Release|Any CPU
		{366DAD82-F9FF-4579-9296-2C1E1F75CA3B}.Debug|Any CPU.ActiveCfg = Debug|Any CPU
		{366DAD82-F9FF-4579-9296-2C1E1F75CA3B}.Debug|Any CPU.Build.0 = Debug|Any CPU
		{366DAD82-F9FF-4579-9296-2C1E1F75CA3B}.Release|Any CPU.ActiveCfg = Release|Any CPU
		{366DAD82-F9FF-4579-9296-2C1E1F75CA3B}.Release|Any CPU.Build.0 = Release|Any CPU
		{FE35274A-BA0B-ACEA-37E1-F71198B81863}.Debug|Any CPU.ActiveCfg = Debug|Any CPU
		{FE35274A-BA0B-ACEA-37E1-F71198B81863}.Debug|Any CPU.Build.0 = Debug|Any CPU
		{FE35274A-BA0B-ACEA-37E1-F71198B81863}.Release|Any CPU.ActiveCfg = Release|Any CPU
		{FE35274A-BA0B-ACEA-37E1-F71198B81863}.Release|Any CPU.Build.0 = Release|Any CPU
	EndGlobalSection
	GlobalSection(SolutionProperties) = preSolution
		HideSolutionNode = FALSE
	EndGlobalSection
	GlobalSection(ExtensibilityGlobals) = postSolution
		SolutionGuid = {831AB617-1ADA-4B4D-9D3B-C2CEF99D1182}
	EndGlobalSection
EndGlobal
